
Microsoft Visual Studio Solution File, Format Version 12.00
# Visual Studio Version 17
VisualStudioVersion = 17.9.34902.65
MinimumVisualStudioVersion = 10.0.40219.1
Project("{9A19103F-16F7-4668-BE54-9A1E7A4F7556}") = "minitools", "minitools\minitools.csproj", "{11D3762E-6DB8-418D-974E-E0D55E5202E1}"
EndProject
Global
	GlobalSection(SolutionConfigurationPlatforms) = preSolution
		Debug|Any CPU = Debug|Any CPU
		Release|Any CPU = Release|Any CPU
	EndGlobalSection
	GlobalSection(ProjectConfigurationPlatforms) = postSolution
		{11D3762E-6DB8-418D-974E-E0D55E5202E1}.Debug|Any CPU.ActiveCfg = Debug|Any CPU
		{11D3762E-6DB8-418D-974E-E0D55E5202E1}.Debug|Any CPU.Build.0 = Debug|Any CPU
		{11D3762E-6DB8-418D-974E-E0D55E5202E1}.Release|Any CPU.ActiveCfg = Release|Any CPU
		{11D3762E-6DB8-418D-974E-E0D55E5202E1}.Release|Any CPU.Build.0 = Release|Any CPU
	EndGlobalSection
	GlobalSection(SolutionProperties) = preSolution
		HideSolutionNode = FALSE
	EndGlobalSection
	GlobalSection(ExtensibilityGlobals) = postSolution
		SolutionGuid = {61B08046-A391-47AF-8F3A-A6E4E18EBC04}
	EndGlobalSection
EndGlobal
